
Microsoft Visual Studio Solution File, Format Version 12.00
# Visual Studio 15
VisualStudioVersion = 15.0.25807.0
MinimumVisualStudioVersion = 10.0.40219.1
Project("{2150E333-8FDC-42A3-9474-1A3956D46DE8}") = "Engine", "Engine", "{27659DFC-4E9F-419B-B719-7BF966632ECA}"
EndProject
Project("{2150E333-8FDC-42A3-9474-1A3956D46DE8}") = "Games", "Games", "{B083E1A4-CFAA-4B5D-9077-D1D1AAB1D7D9}"
EndProject
Project("{8BC9CEB8-8B4A-11D0-8D11-00A0C91BC942}") = "UE4", "Intermediate\ProjectFiles\UE4.vcxproj", "{86CD183D-9F7C-432C-90AD-B5FB3DBBD920}"
EndProject
Project("{8BC9CEB8-8B4A-11D0-8D11-00A0C91BC942}") = "OnnaBugeisha", "Intermediate\ProjectFiles\OnnaBugeisha.vcxproj", "{8AD8AA9D-0425-4092-A4D3-EA14B11FF69A}"
EndProject
Project("{2150E333-8FDC-42A3-9474-1A3956D46DE8}") = "Visualizers", "Visualizers", "{85FB517B-16D9-447F-BFCE-3CFF264AC2ED}"
	ProjectSection(SolutionItems) = preProject
		..\..\..\Epic Games\UE_4.21\Engine\Extras\VisualStudioDebugging\UE4.natvis = ..\..\..\Epic Games\UE_4.21\Engine\Extras\VisualStudioDebugging\UE4.natvis
	EndProjectSection
EndProject
Global
	GlobalSection(SolutionConfigurationPlatforms) = preSolution
		DebugGame Editor|HTML5 = DebugGame Editor|HTML5
		DebugGame Editor|Win32 = DebugGame Editor|Win32
		DebugGame Editor|Win64 = DebugGame Editor|Win64
		DebugGame|HTML5 = DebugGame|HTML5
		DebugGame|Win32 = DebugGame|Win32
		DebugGame|Win64 = DebugGame|Win64
		Development Editor|HTML5 = Development Editor|HTML5
		Development Editor|Win32 = Development Editor|Win32
		Development Editor|Win64 = Development Editor|Win64
		Development|HTML5 = Development|HTML5
		Development|Win32 = Development|Win32
		Development|Win64 = Development|Win64
		Shipping|HTML5 = Shipping|HTML5
		Shipping|Win32 = Shipping|Win32
		Shipping|Win64 = Shipping|Win64
	EndGlobalSection
	GlobalSection(ProjectConfigurationPlatforms) = postSolution
		{86CD183D-9F7C-432C-90AD-B5FB3DBBD920}.DebugGame Editor|HTML5.ActiveCfg = BuiltWithUnrealBuildTool|Win32
		{86CD183D-9F7C-432C-90AD-B5FB3DBBD920}.DebugGame Editor|Win32.ActiveCfg = BuiltWithUnrealBuildTool|Win32
		{86CD183D-9F7C-432C-90AD-B5FB3DBBD920}.DebugGame Editor|Win64.ActiveCfg = BuiltWithUnrealBuildTool|Win32
		{86CD183D-9F7C-432C-90AD-B5FB3DBBD920}.DebugGame|HTML5.ActiveCfg = BuiltWithUnrealBuildTool|Win32
		{86CD183D-9F7C-432C-90AD-B5FB3DBBD920}.DebugGame|Win32.ActiveCfg = BuiltWithUnrealBuildTool|Win32
		{86CD183D-9F7C-432C-90AD-B5FB3DBBD920}.DebugGame|Win64.ActiveCfg = BuiltWithUnrealBuildTool|Win32
		{86CD183D-9F7C-432C-90AD-B5FB3DBBD920}.Development Editor|HTML5.ActiveCfg = BuiltWithUnrealBuildTool|Win32
		{86CD183D-9F7C-432C-90AD-B5FB3DBBD920}.Development Editor|Win32.ActiveCfg = BuiltWithUnrealBuildTool|Win32
		{86CD183D-9F7C-432C-90AD-B5FB3DBBD920}.Development Editor|Win64.ActiveCfg = BuiltWithUnrealBuildTool|Win32
		{86CD183D-9F7C-432C-90AD-B5FB3DBBD920}.Development|HTML5.ActiveCfg = BuiltWithUnrealBuildTool|Win32
		{86CD183D-9F7C-432C-90AD-B5FB3DBBD920}.Development|Win32.ActiveCfg = BuiltWithUnrealBuildTool|Win32
		{86CD183D-9F7C-432C-90AD-B5FB3DBBD920}.Development|Win64.ActiveCfg = BuiltWithUnrealBuildTool|Win32
		{86CD183D-9F7C-432C-90AD-B5FB3DBBD920}.Shipping|HTML5.ActiveCfg = BuiltWithUnrealBuildTool|Win32
		{86CD183D-9F7C-432C-90AD-B5FB3DBBD920}.Shipping|Win32.ActiveCfg = BuiltWithUnrealBuildTool|Win32
		{86CD183D-9F7C-432C-90AD-B5FB3DBBD920}.Shipping|Win64.ActiveCfg = BuiltWithUnrealBuildTool|Win32
		{8AD8AA9D-0425-4092-A4D3-EA14B11FF69A}.DebugGame Editor|HTML5.ActiveCfg = Invalid|Win32
		{8AD8AA9D-0425-4092-A4D3-EA14B11FF69A}.DebugGame Editor|Win32.ActiveCfg = Invalid|Win32
		{8AD8AA9D-0425-4092-A4D3-EA14B11FF69A}.DebugGame Editor|Win64.ActiveCfg = DebugGame_Editor|x64
		{8AD8AA9D-0425-4092-A4D3-EA14B11FF69A}.DebugGame Editor|Win64.Build.0 = DebugGame_Editor|x64
		{8AD8AA9D-0425-4092-A4D3-EA14B11FF69A}.DebugGame|HTML5.ActiveCfg = HTML5_DebugGame|Win32
		{8AD8AA9D-0425-4092-A4D3-EA14B11FF69A}.DebugGame|HTML5.Build.0 = HTML5_DebugGame|Win32
		{8AD8AA9D-0425-4092-A4D3-EA14B11FF69A}.DebugGame|Win32.ActiveCfg = DebugGame|Win32
		{8AD8AA9D-0425-4092-A4D3-EA14B11FF69A}.DebugGame|Win32.Build.0 = DebugGame|Win32
		{8AD8AA9D-0425-4092-A4D3-EA14B11FF69A}.DebugGame|Win64.ActiveCfg = DebugGame|x64
		{8AD8AA9D-0425-4092-A4D3-EA14B11FF69A}.DebugGame|Win64.Build.0 = DebugGame|x64
		{8AD8AA9D-0425-4092-A4D3-EA14B11FF69A}.Development Editor|HTML5.ActiveCfg = Invalid|Win32
		{8AD8AA9D-0425-4092-A4D3-EA14B11FF69A}.Development Editor|Win32.ActiveCfg = Invalid|Win32
		{8AD8AA9D-0425-4092-A4D3-EA14B11FF69A}.Development Editor|Win64.ActiveCfg = Development_Editor|x64
		{8AD8AA9D-0425-4092-A4D3-EA14B11FF69A}.Development Editor|Win64.Build.0 = Development_Editor|x64
		{8AD8AA9D-0425-4092-A4D3-EA14B11FF69A}.Development|HTML5.ActiveCfg = HTML5_Development|Win32
		{8AD8AA9D-0425-4092-A4D3-EA14B11FF69A}.Development|HTML5.Build.0 = HTML5_Development|Win32
		{8AD8AA9D-0425-4092-A4D3-EA14B11FF69A}.Development|Win32.ActiveCfg = Development|Win32
		{8AD8AA9D-0425-4092-A4D3-EA14B11FF69A}.Development|Win32.Build.0 = Development|Win32
		{8AD8AA9D-0425-4092-A4D3-EA14B11FF69A}.Development|Win64.ActiveCfg = Development|x64
		{8AD8AA9D-0425-4092-A4D3-EA14B11FF69A}.Development|Win64.Build.0 = Development|x64
		{8AD8AA9D-0425-4092-A4D3-EA14B11FF69A}.Shipping|HTML5.ActiveCfg = HTML5_Shipping|Win32
		{8AD8AA9D-0425-4092-A4D3-EA14B11FF69A}.Shipping|HTML5.Build.0 = HTML5_Shipping|Win32
		{8AD8AA9D-0425-4092-A4D3-EA14B11FF69A}.Shipping|Win32.ActiveCfg = Shipping|Win32
		{8AD8AA9D-0425-4092-A4D3-EA14B11FF69A}.Shipping|Win32.Build.0 = Shipping|Win32
		{8AD8AA9D-0425-4092-A4D3-EA14B11FF69A}.Shipping|Win64.ActiveCfg = Shipping|x64
		{8AD8AA9D-0425-4092-A4D3-EA14B11FF69A}.Shipping|Win64.Build.0 = Shipping|x64
	EndGlobalSection
	GlobalSection(SolutionProperties) = preSolution
		HideSolutionNode = FALSE
	EndGlobalSection
	GlobalSection(NestedProjects) = preSolution
		{86CD183D-9F7C-432C-90AD-B5FB3DBBD920} = {27659DFC-4E9F-419B-B719-7BF966632ECA}
		{8AD8AA9D-0425-4092-A4D3-EA14B11FF69A} = {B083E1A4-CFAA-4B5D-9077-D1D1AAB1D7D9}
	EndGlobalSection
	GlobalSection(ExtensibilityGlobals) = postSolution
		SolutionGuid = {C1FFF32C-5A1B-4517-A5B2-72E731BAF592}
	EndGlobalSection
EndGlobal
